github.com/xdrpp/goxdr v0.0.0-20200911093535-8950ed9c7778 h1:ZC0mcqkRc8xrquQdLJrqOtck9OD1aOYlcFXCKiXiPCA=
github.com/xdrpp/goxdr v0.0.0-20200911101125-ad8466545dae h1:DIFMZxfCSB2zQJ1B3zILkGGQFQOMSUNAeGjw3Fsp2E4=
github.com/xdrpp/goxdr v0.0.0-20200911101125-ad8466545dae/go.mod h1:sIkGTrelHHneJXYd+dJGuziv4dWDofbdMl+onW+E3x8=
